
Microsoft Visual Studio Solution File, Format Version 12.00
# Visual Studio Version 16
VisualStudioVersion = 16.0.29215.179
MinimumVisualStudioVersion = 10.0.40219.1
Project("{FAE04EC0-301F-11D3-BF4B-00C04F79EFBC}") = "DriveRestorer", "DriveRestorer.csproj", "{A921270B-3DE9-4971-85D5-5F8AA9184397}"
EndProject
Global
	GlobalSection(SolutionConfigurationPlatforms) = preSolution
		Debug|Any CPU = Debug|Any CPU
		Release|Any CPU = Release|Any CPU
	EndGlobalSection
	GlobalSection(ProjectConfigurationPlatforms) = postSolution
		{A921270B-3DE9-4971-85D5-5F8AA9184397}.Debug|Any CPU.ActiveCfg = Debug|Any CPU
		{A921270B-3DE9-4971-85D5-5F8AA9184397}.Debug|Any CPU.Build.0 = Debug|Any CPU
		{A921270B-3DE9-4971-85D5-5F8AA9184397}.Release|Any CPU.ActiveCfg = Release|Any CPU
		{A921270B-3DE9-4971-85D5-5F8AA9184397}.Release|Any CPU.Build.0 = Release|Any CPU
	EndGlobalSection
	GlobalSection(SolutionProperties) = preSolution
		HideSolutionNode = FALSE
	EndGlobalSection
	GlobalSection(ExtensibilityGlobals) = postSolution
		SolutionGuid = {F1B7CF4E-130E-4082-AC43-7981876E2137}
	EndGlobalSection
EndGlobal
